
Microsoft Visual Studio Solution File, Format Version 12.00
# Visual Studio 2013
VisualStudioVersion = 12.0.30723.0
MinimumVisualStudioVersion = 10.0.40219.1
Project("{F2A71F9B-5D33-465A-A702-920D77279786}") = "SqaleManager", "SqaleManager\SqaleManager.fsproj", "{D4B15DF6-2E17-4E95-B54E-D472FB13EB39}"
EndProject
Project("{F2A71F9B-5D33-465A-A702-920D77279786}") = "SqaleManager.Test", "SqaleManager.Test\SqaleManager.Test.fsproj", "{20F96FA3-8E97-4929-A3AD-6111DDF53462}"
EndProject
Project("{F2A71F9B-5D33-465A-A702-920D77279786}") = "SqaleModelGenerator", "SqaleModelGenerator\SqaleModelGenerator.fsproj", "{AE48DE7B-A1DB-40A2-B345-9CFBB3646038}"
EndProject
Project("{FAE04EC0-301F-11D3-BF4B-00C04F79EFBC}") = "SqaleUi", "SqaleUi\SqaleUi.csproj", "{6994EF3B-E408-4C5E-B9CF-1BCEE08E58F9}"
EndProject
Project("{FAE04EC0-301F-11D3-BF4B-00C04F79EFBC}") = "SqaleEditor", "SqaleEditor\SqaleEditor.csproj", "{9559A277-FB97-4CEE-B7AC-529EE8D45351}"
EndProject
Global
	GlobalSection(SolutionConfigurationPlatforms) = preSolution
		Debug|Any CPU = Debug|Any CPU
		Release|Any CPU = Release|Any CPU
	EndGlobalSection
	GlobalSection(ProjectConfigurationPlatforms) = postSolution
		{D4B15DF6-2E17-4E95-B54E-D472FB13EB39}.Debug|Any CPU.ActiveCfg = Debug|Any CPU
		{D4B15DF6-2E17-4E95-B54E-D472FB13EB39}.Debug|Any CPU.Build.0 = Debug|Any CPU
		{D4B15DF6-2E17-4E95-B54E-D472FB13EB39}.Release|Any CPU.ActiveCfg = Release|Any CPU
		{D4B15DF6-2E17-4E95-B54E-D472FB13EB39}.Release|Any CPU.Build.0 = Release|Any CPU
		{20F96FA3-8E97-4929-A3AD-6111DDF53462}.Debug|Any CPU.ActiveCfg = Debug|Any CPU
		{20F96FA3-8E97-4929-A3AD-6111DDF53462}.Debug|Any CPU.Build.0 = Debug|Any CPU
		{20F96FA3-8E97-4929-A3AD-6111DDF53462}.Release|Any CPU.ActiveCfg = Release|Any CPU
		{20F96FA3-8E97-4929-A3AD-6111DDF53462}.Release|Any CPU.Build.0 = Release|Any CPU
		{AE48DE7B-A1DB-40A2-B345-9CFBB3646038}.Debug|Any CPU.ActiveCfg = Debug|Any CPU
		{AE48DE7B-A1DB-40A2-B345-9CFBB3646038}.Debug|Any CPU.Build.0 = Debug|Any CPU
		{AE48DE7B-A1DB-40A2-B345-9CFBB3646038}.Release|Any CPU.ActiveCfg = Release|Any CPU
		{AE48DE7B-A1DB-40A2-B345-9CFBB3646038}.Release|Any CPU.Build.0 = Release|Any CPU
		{6994EF3B-E408-4C5E-B9CF-1BCEE08E58F9}.Debug|Any CPU.ActiveCfg = Debug|Any CPU
		{6994EF3B-E408-4C5E-B9CF-1BCEE08E58F9}.Debug|Any CPU.Build.0 = Debug|Any CPU
		{6994EF3B-E408-4C5E-B9CF-1BCEE08E58F9}.Release|Any CPU.ActiveCfg = Release|Any CPU
		{6994EF3B-E408-4C5E-B9CF-1BCEE08E58F9}.Release|Any CPU.Build.0 = Release|Any CPU
		{9559A277-FB97-4CEE-B7AC-529EE8D45351}.Debug|Any CPU.ActiveCfg = Debug|Any CPU
		{9559A277-FB97-4CEE-B7AC-529EE8D45351}.Debug|Any CPU.Build.0 = Debug|Any CPU
		{9559A277-FB97-4CEE-B7AC-529EE8D45351}.Release|Any CPU.ActiveCfg = Release|Any CPU
		{9559A277-FB97-4CEE-B7AC-529EE8D45351}.Release|Any CPU.Build.0 = Release|Any CPU
	EndGlobalSection
	GlobalSection(SolutionProperties) = preSolution
		HideSolutionNode = FALSE
	EndGlobalSection
EndGlobal
